<?xml version="1.0" encoding="UTF-8" standalone="yes" ?>
<CodeBlocks_project_file>
	<FileVersion major="1" minor="6" />
	<Project>
		<Option title="EC" />
		<Option pch_mode="2" />
		<Option compiler="gcc" />
		<Build>
			<Target title="Debug">
				<Option output="bin/Debug/EC-v1" prefix_auto="1" extension_auto="1" />
				<Option object_output="obj/Debug/" />
				<Option type="1" />
				<Option compiler="gcc" />
				<Compiler>
					<Add option="-g" />
				</Compiler>
			</Target>
			<Target title="Release">
				<Option output="bin/Release/EC-v1" prefix_auto="1" extension_auto="1" />
				<Option object_output="obj/Release/" />
				<Option type="1" />
				<Option compiler="gcc" />
				<Compiler>
					<Add option="-O2" />
				</Compiler>
				<Linker>
					<Add option="-s" />
				</Linker>
			</Target>
			<Target title="develop-formula-1">
				<Option output="bin/Debug/develop-formula-1" prefix_auto="1" extension_auto="1" />
				<Option object_output="obj/Debug/" />
				<Option type="1" />
				<Option compiler="gcc" />
				<Compiler>
					<Add option="-g" />
				</Compiler>
			</Target>
			<Target title="TDD">
				<Option output="bin/Debug/TDD" prefix_auto="1" extension_auto="1" />
				<Option object_output="obj/Debug/" />
				<Option type="1" />
				<Option compiler="gcc" />
				<Compiler>
					<Add option="-g" />
					<Add option="-DOCTETOS_EC_V1_TDD" />
				</Compiler>
				<Linker>
					<Add library="cunit" />
				</Linker>
			</Target>
			<Target title="group-gtk">
				<Option output="bin/Debug/group-gtk" prefix_auto="1" extension_auto="1" />
				<Option object_output="obj/Debug/" />
				<Option type="0" />
				<Option compiler="gcc" />
				<Compiler>
					<Add option="-g" />
					<Add option="`pkg-config gtkmm-3.0 --cflags`" />
				</Compiler>
				<Linker>
					<Add option="`pkg-config gtkmm-3.0 --libs`" />
				</Linker>
			</Target>
			<Target title="community-gtk">
				<Option output="bin/Debug/group-gtk" prefix_auto="1" extension_auto="1" />
				<Option object_output="obj/Debug/" />
				<Option type="0" />
				<Option compiler="gcc" />
				<Compiler>
					<Add option="-g" />
					<Add option="`pkg-config gtkmm-3.0 --cflags`" />
				</Compiler>
				<Linker>
					<Add option="`pkg-config gtkmm-3.0 --libs`" />
				</Linker>
			</Target>
		</Build>
		<Compiler>
			<Add option="-pedantic" />
			<Add option="-Wall" />
			<Add option="-std=c++23" />
			<Add directory="../../octetos" />
		</Compiler>
		<Unit filename="1/community-gtk-main.cc">
			<Option target="community-gtk" />
		</Unit>
		<Unit filename="1/community-gtk.cc">
			<Option target="community-gtk" />
		</Unit>
		<Unit filename="1/community-gtk.hh">
			<Option target="community-gtk" />
		</Unit>
		<Unit filename="1/ec-gtk.cc">
			<Option target="group-gtk" />
			<Option target="community-gtk" />
		</Unit>
		<Unit filename="1/ec-gtk.hh">
			<Option target="group-gtk" />
			<Option target="community-gtk" />
		</Unit>
		<Unit filename="1/ec.hh">
			<Option target="TDD" />
		</Unit>
		<Unit filename="1/group-gtk-main.cc">
			<Option target="group-gtk" />
		</Unit>
		<Unit filename="1/group-gtk.cc">
			<Option target="group-gtk" />
		</Unit>
		<Unit filename="1/group-gtk.hh">
			<Option target="group-gtk" />
		</Unit>
		<Unit filename="1/gtk.cc">
			<Option target="group-gtk" />
			<Option target="community-gtk" />
		</Unit>
		<Unit filename="1/gtk.hh">
			<Option target="group-gtk" />
			<Option target="community-gtk" />
		</Unit>
		<Unit filename="1/math.hh">
			<Option target="TDD" />
		</Unit>
		<Unit filename="1/worker.cc">
			<Option target="group-gtk" />
			<Option target="community-gtk" />
		</Unit>
		<Unit filename="1/worker.hh">
			<Option target="group-gtk" />
			<Option target="community-gtk" />
		</Unit>
		<Unit filename="tests/1/develop-formula-1.cc">
			<Option target="develop-formula-1" />
		</Unit>
		<Unit filename="tests/1/formule.cc">
			<Option target="develop-formula-1" />
		</Unit>
		<Unit filename="tests/1/formule.hh">
			<Option target="develop-formula-1" />
		</Unit>
		<Unit filename="tests/1/nodes.cc">
			<Option target="develop-formula-1" />
		</Unit>
		<Unit filename="tests/1/nodes.hh">
			<Option target="develop-formula-1" />
		</Unit>
		<Unit filename="tests/main.cc">
			<Option target="TDD" />
		</Unit>
		<Unit filename="tests/v1.cc">
			<Option target="TDD" />
		</Unit>
		<Unit filename="tests/v1.hh">
			<Option target="TDD" />
		</Unit>
		<Extensions />
	</Project>
</CodeBlocks_project_file>
