<?xml version="1.0" encoding="UTF-8" standalone="yes" ?>
<CodeBlocks_project_file>
	<FileVersion major="1" minor="6" />
	<Project>
		<Option title="octetos-EC" />
		<Option pch_mode="2" />
		<Option compiler="gcc" />
		<Build>
			<Target title="Debug">
				<Option output="bin/Debug/octetos-EC" prefix_auto="1" extension_auto="1" />
				<Option object_output="obj/Debug/" />
				<Option type="3" />
				<Option compiler="gcc" />
				<Option createDefFile="1" />
				<Option createStaticLib="1" />
				<Compiler>
					<Add option="-Wall" />
					<Add option="-g" />
					<Add option="-DBUILD_DLL" />
					<Add directory="../core/src" />
				</Compiler>
				<Linker>
					<Add library="user32" />
					<Add library="octetos-core" />
					<Add directory="../core/bin/Debug" />
				</Linker>
			</Target>
			<Target title="Release">
				<Option output="bin/Release/octetos-EC" prefix_auto="1" extension_auto="1" />
				<Option object_output="obj/Release/" />
				<Option type="3" />
				<Option compiler="gcc" />
				<Option createDefFile="1" />
				<Option createStaticLib="1" />
				<Compiler>
					<Add option="-Wall" />
					<Add option="-DBUILD_DLL" />
					<Add option="-O2" />
				</Compiler>
				<Linker>
					<Add option="-s" />
					<Add library="user32" />
				</Linker>
			</Target>
			<Target title="max">
				<Option output="bin/Debug/ec-max" prefix_auto="1" extension_auto="1" />
				<Option type="1" />
				<Option compiler="gcc" />
				<Option use_console_runner="0" />
				<Compiler>
					<Add directory="../core/src" />
					<Add directory="src" />
				</Compiler>
				<Linker>
					<Add library="octetos-core" />
					<Add library="octetos-EC" />
					<Add directory="bin/Debug" />
				</Linker>
				<ExtraCommands>
					<Add before='cmd /c COPY /Y &quot;C:\Program Files\CodeBlocks\MinGW\bin\libgcc_s_seh-1.dll&quot; bin\Debug' />
					<Add before='cmd /c COPY /Y &quot;C:\Program Files\CodeBlocks\MinGW\bin\libstdc++-6.dll&quot; bin\Debug' />
					<Add before='cmd /c COPY /Y &quot;C:\Program Files\CodeBlocks\MinGW\bin\libwinpthread-1.dll&quot; bin\Debug' />
					<Add before="cmd /c COPY /Y ..\core\bin\Debug\octetos-core.dll bin\Debug" />
				</ExtraCommands>
			</Target>
		</Build>
		<Unit filename="src/GA.cc">
			<Option target="Debug" />
			<Option target="Release" />
		</Unit>
		<Unit filename="src/GA.hh">
			<Option target="Debug" />
			<Option target="Release" />
		</Unit>
		<Unit filename="src/ec-max.cc">
			<Option target="max" />
		</Unit>
		<Unit filename="src/ec.cc">
			<Option target="Debug" />
			<Option target="Release" />
		</Unit>
		<Unit filename="src/ec.hh">
			<Option target="Debug" />
			<Option target="Release" />
		</Unit>
		<Unit filename="src/max.cc">
			<Option target="Debug" />
			<Option target="Release" />
		</Unit>
		<Unit filename="src/max.hh">
			<Option target="Debug" />
			<Option target="Release" />
		</Unit>
		<Unit filename="src/sudoku.cc">
			<Option target="Debug" />
			<Option target="Release" />
		</Unit>
		<Unit filename="src/sudoku.hh">
			<Option target="Debug" />
			<Option target="Release" />
		</Unit>
		<Extensions>
			<lib_finder disable_auto="1" />
		</Extensions>
	</Project>
</CodeBlocks_project_file>
